
Microsoft Visual Studio Solution File, Format Version 12.00
# Visual Studio Version 17
VisualStudioVersion = 17.2.32317.152
MinimumVisualStudioVersion = 10.0.40219.1
Project("{FAE04EC0-301F-11D3-BF4B-00C04F79EFBC}") = "Dados", "Dados\Dados.csproj", "{4CE0ED72-EDD3-4021-80FE-2EAF5331C913}"
EndProject
Project("{FAE04EC0-301F-11D3-BF4B-00C04F79EFBC}") = "Controle", "Controle\Controle.csproj", "{6F11781F-03FA-40F6-9FBB-B8E997B9D884}"
EndProject
Project("{FAE04EC0-301F-11D3-BF4B-00C04F79EFBC}") = "Views", "Views\Views.csproj", "{260D8E1C-FAC1-4DE5-B3D6-4E9D93CA9D8E}"
EndProject
Global
	GlobalSection(SolutionConfigurationPlatforms) = preSolution
		Debug|Any CPU = Debug|Any CPU
		Release|Any CPU = Release|Any CPU
	EndGlobalSection
	GlobalSection(ProjectConfigurationPlatforms) = postSolution
		{4CE0ED72-EDD3-4021-80FE-2EAF5331C913}.Debug|Any CPU.ActiveCfg = Debug|Any CPU
		{4CE0ED72-EDD3-4021-80FE-2EAF5331C913}.Debug|Any CPU.Build.0 = Debug|Any CPU
		{4CE0ED72-EDD3-4021-80FE-2EAF5331C913}.Release|Any CPU.ActiveCfg = Release|Any CPU
		{4CE0ED72-EDD3-4021-80FE-2EAF5331C913}.Release|Any CPU.Build.0 = Release|Any CPU
		{6F11781F-03FA-40F6-9FBB-B8E997B9D884}.Debug|Any CPU.ActiveCfg = Debug|Any CPU
		{6F11781F-03FA-40F6-9FBB-B8E997B9D884}.Debug|Any CPU.Build.0 = Debug|Any CPU
		{6F11781F-03FA-40F6-9FBB-B8E997B9D884}.Release|Any CPU.ActiveCfg = Release|Any CPU
		{6F11781F-03FA-40F6-9FBB-B8E997B9D884}.Release|Any CPU.Build.0 = Release|Any CPU
		{260D8E1C-FAC1-4DE5-B3D6-4E9D93CA9D8E}.Debug|Any CPU.ActiveCfg = Debug|Any CPU
		{260D8E1C-FAC1-4DE5-B3D6-4E9D93CA9D8E}.Debug|Any CPU.Build.0 = Debug|Any CPU
		{260D8E1C-FAC1-4DE5-B3D6-4E9D93CA9D8E}.Release|Any CPU.ActiveCfg = Release|Any CPU
		{260D8E1C-FAC1-4DE5-B3D6-4E9D93CA9D8E}.Release|Any CPU.Build.0 = Release|Any CPU
	EndGlobalSection
	GlobalSection(SolutionProperties) = preSolution
		HideSolutionNode = FALSE
	EndGlobalSection
	GlobalSection(ExtensibilityGlobals) = postSolution
		SolutionGuid = {FAE7004F-AC55-4EF2-8C67-A07221862EE8}
	EndGlobalSection
EndGlobal
